
Microsoft Visual Studio Solution File, Format Version 12.00
# Visual Studio 15
VisualStudioVersion = 15.0.28307.271
MinimumVisualStudioVersion = 10.0.40219.1
Project("{FAE04EC0-301F-11D3-BF4B-00C04F79EFBC}") = "BusinessRulesEngine", "BusinessRulesEngine\BusinessRulesEngine.csproj", "{CDA91C76-3FE1-4E5B-882B-8C218E733606}"
EndProject
Global
	GlobalSection(SolutionConfigurationPlatforms) = preSolution
		Debug|Any CPU = Debug|Any CPU
		Release|Any CPU = Release|Any CPU
	EndGlobalSection
	GlobalSection(ProjectConfigurationPlatforms) = postSolution
		{CDA91C76-3FE1-4E5B-882B-8C218E733606}.Debug|Any CPU.ActiveCfg = Debug|Any CPU
		{CDA91C76-3FE1-4E5B-882B-8C218E733606}.Debug|Any CPU.Build.0 = Debug|Any CPU
		{CDA91C76-3FE1-4E5B-882B-8C218E733606}.Release|Any CPU.ActiveCfg = Release|Any CPU
		{CDA91C76-3FE1-4E5B-882B-8C218E733606}.Release|Any CPU.Build.0 = Release|Any CPU
	EndGlobalSection
	GlobalSection(SolutionProperties) = preSolution
		HideSolutionNode = FALSE
	EndGlobalSection
	GlobalSection(ExtensibilityGlobals) = postSolution
		SolutionGuid = {2B39CC46-2951-41C9-AECB-A0231FDA5F7A}
	EndGlobalSection
EndGlobal
